
Microsoft Visual Studio Solution File, Format Version 12.00
# Visual Studio 14
VisualStudioVersion = 14.0.25123.0
MinimumVisualStudioVersion = 10.0.40219.1
Project("{FAE04EC0-301F-11D3-BF4B-00C04F79EFBC}") = "Boat.App", "Boat.App\Boat.App.csproj", "{57C5E395-022F-4230-8EB4-F226DFE539F4}"
EndProject
Project("{FAE04EC0-301F-11D3-BF4B-00C04F79EFBC}") = "Boat.App.Tests", "Boat.App.Tests\Boat.App.Tests.csproj", "{AADF3BA4-148B-4C60-AC36-D23BBD85CA3B}"
EndProject
Global
	GlobalSection(SolutionConfigurationPlatforms) = preSolution
		Debug|Any CPU = Debug|Any CPU
		Release|Any CPU = Release|Any CPU
	EndGlobalSection
	GlobalSection(ProjectConfigurationPlatforms) = postSolution
		{57C5E395-022F-4230-8EB4-F226DFE539F4}.Debug|Any CPU.ActiveCfg = Debug|Any CPU
		{57C5E395-022F-4230-8EB4-F226DFE539F4}.Debug|Any CPU.Build.0 = Debug|Any CPU
		{57C5E395-022F-4230-8EB4-F226DFE539F4}.Release|Any CPU.ActiveCfg = Release|Any CPU
		{57C5E395-022F-4230-8EB4-F226DFE539F4}.Release|Any CPU.Build.0 = Release|Any CPU
		{AADF3BA4-148B-4C60-AC36-D23BBD85CA3B}.Debug|Any CPU.ActiveCfg = Debug|Any CPU
		{AADF3BA4-148B-4C60-AC36-D23BBD85CA3B}.Debug|Any CPU.Build.0 = Debug|Any CPU
		{AADF3BA4-148B-4C60-AC36-D23BBD85CA3B}.Release|Any CPU.ActiveCfg = Release|Any CPU
		{AADF3BA4-148B-4C60-AC36-D23BBD85CA3B}.Release|Any CPU.Build.0 = Release|Any CPU
	EndGlobalSection
	GlobalSection(SolutionProperties) = preSolution
		HideSolutionNode = FALSE
	EndGlobalSection
EndGlobal
